
Microsoft Visual Studio Solution File, Format Version 12.00
# Visual Studio 15
VisualStudioVersion = 15.0.28307.852
MinimumVisualStudioVersion = 10.0.40219.1
Project("{FAE04EC0-301F-11D3-BF4B-00C04F79EFBC}") = "MemeMaker", "MemeMaker\MemeMaker.csproj", "{AE8BD293-D993-4904-A9BC-3F0ACB9EAF60}"
EndProject
Global
	GlobalSection(SolutionConfigurationPlatforms) = preSolution
		Debug|Any CPU = Debug|Any CPU
		Release|Any CPU = Release|Any CPU
	EndGlobalSection
	GlobalSection(ProjectConfigurationPlatforms) = postSolution
		{AE8BD293-D993-4904-A9BC-3F0ACB9EAF60}.Debug|Any CPU.ActiveCfg = Debug|Any CPU
		{AE8BD293-D993-4904-A9BC-3F0ACB9EAF60}.Debug|Any CPU.Build.0 = Debug|Any CPU
		{AE8BD293-D993-4904-A9BC-3F0ACB9EAF60}.Release|Any CPU.ActiveCfg = Release|Any CPU
		{AE8BD293-D993-4904-A9BC-3F0ACB9EAF60}.Release|Any CPU.Build.0 = Release|Any CPU
	EndGlobalSection
	GlobalSection(SolutionProperties) = preSolution
		HideSolutionNode = FALSE
	EndGlobalSection
	GlobalSection(ExtensibilityGlobals) = postSolution
		SolutionGuid = {1A57E594-A732-47B3-B54A-CAA9B8658B4C}
	EndGlobalSection
EndGlobal
